
Microsoft Visual Studio Solution File, Format Version 12.00
# Visual Studio 15
VisualStudioVersion = 15.0.26430.12
MinimumVisualStudioVersion = 10.0.40219.1
Project("{FAE04EC0-301F-11D3-BF4B-00C04F79EFBC}") = "Day01", "Day01\Day01.csproj", "{838EA9A8-D446-44D6-95FD-6CE0068E8B43}"
EndProject
Project("{FAE04EC0-301F-11D3-BF4B-00C04F79EFBC}") = "AoCHelpers", "AoCHelpers\AoCHelpers.csproj", "{40BDECE3-E7E7-49B9-BFCD-AA8C49FB2B69}"
EndProject
Project("{9A19103F-16F7-4668-BE54-9A1E7A4F7556}") = "Day02", "Day02\Day02.csproj", "{57D8D874-874F-446F-8D33-B1976D28E8F7}"
EndProject
Project("{9A19103F-16F7-4668-BE54-9A1E7A4F7556}") = "Day03", "Day03\Day03.csproj", "{B1C2E625-D0B4-4976-8A50-D312A3418640}"
EndProject
Project("{FAE04EC0-301F-11D3-BF4B-00C04F79EFBC}") = "Day04", "Day04\Day04.csproj", "{218E519C-799B-4B2B-A2CE-C03EC6A93357}"
EndProject
Project("{FAE04EC0-301F-11D3-BF4B-00C04F79EFBC}") = "Day05", "Day05\Day05.csproj", "{DA1202B4-572D-4B23-A9DD-069781A18B5E}"
EndProject
Project("{FAE04EC0-301F-11D3-BF4B-00C04F79EFBC}") = "Day06", "Day06\Day06.csproj", "{6E393786-A9DE-4CE5-A5AE-5B10BAD1E994}"
EndProject
Global
	GlobalSection(SolutionConfigurationPlatforms) = preSolution
		Debug|Any CPU = Debug|Any CPU
		Release|Any CPU = Release|Any CPU
	EndGlobalSection
	GlobalSection(ProjectConfigurationPlatforms) = postSolution
		{838EA9A8-D446-44D6-95FD-6CE0068E8B43}.Debug|Any CPU.ActiveCfg = Debug|Any CPU
		{838EA9A8-D446-44D6-95FD-6CE0068E8B43}.Debug|Any CPU.Build.0 = Debug|Any CPU
		{838EA9A8-D446-44D6-95FD-6CE0068E8B43}.Release|Any CPU.ActiveCfg = Release|Any CPU
		{838EA9A8-D446-44D6-95FD-6CE0068E8B43}.Release|Any CPU.Build.0 = Release|Any CPU
		{40BDECE3-E7E7-49B9-BFCD-AA8C49FB2B69}.Debug|Any CPU.ActiveCfg = Debug|Any CPU
		{40BDECE3-E7E7-49B9-BFCD-AA8C49FB2B69}.Debug|Any CPU.Build.0 = Debug|Any CPU
		{40BDECE3-E7E7-49B9-BFCD-AA8C49FB2B69}.Release|Any CPU.ActiveCfg = Release|Any CPU
		{40BDECE3-E7E7-49B9-BFCD-AA8C49FB2B69}.Release|Any CPU.Build.0 = Release|Any CPU
		{57D8D874-874F-446F-8D33-B1976D28E8F7}.Debug|Any CPU.ActiveCfg = Debug|Any CPU
		{57D8D874-874F-446F-8D33-B1976D28E8F7}.Debug|Any CPU.Build.0 = Debug|Any CPU
		{57D8D874-874F-446F-8D33-B1976D28E8F7}.Release|Any CPU.ActiveCfg = Release|Any CPU
		{57D8D874-874F-446F-8D33-B1976D28E8F7}.Release|Any CPU.Build.0 = Release|Any CPU
		{B1C2E625-D0B4-4976-8A50-D312A3418640}.Debug|Any CPU.ActiveCfg = Debug|Any CPU
		{B1C2E625-D0B4-4976-8A50-D312A3418640}.Debug|Any CPU.Build.0 = Debug|Any CPU
		{B1C2E625-D0B4-4976-8A50-D312A3418640}.Release|Any CPU.ActiveCfg = Release|Any CPU
		{B1C2E625-D0B4-4976-8A50-D312A3418640}.Release|Any CPU.Build.0 = Release|Any CPU
		{218E519C-799B-4B2B-A2CE-C03EC6A93357}.Debug|Any CPU.ActiveCfg = Debug|Any CPU
		{218E519C-799B-4B2B-A2CE-C03EC6A93357}.Debug|Any CPU.Build.0 = Debug|Any CPU
		{218E519C-799B-4B2B-A2CE-C03EC6A93357}.Release|Any CPU.ActiveCfg = Release|Any CPU
		{218E519C-799B-4B2B-A2CE-C03EC6A93357}.Release|Any CPU.Build.0 = Release|Any CPU
		{DA1202B4-572D-4B23-A9DD-069781A18B5E}.Debug|Any CPU.ActiveCfg = Debug|Any CPU
		{DA1202B4-572D-4B23-A9DD-069781A18B5E}.Debug|Any CPU.Build.0 = Debug|Any CPU
		{DA1202B4-572D-4B23-A9DD-069781A18B5E}.Release|Any CPU.ActiveCfg = Release|Any CPU
		{DA1202B4-572D-4B23-A9DD-069781A18B5E}.Release|Any CPU.Build.0 = Release|Any CPU
		{6E393786-A9DE-4CE5-A5AE-5B10BAD1E994}.Debug|Any CPU.ActiveCfg = Debug|Any CPU
		{6E393786-A9DE-4CE5-A5AE-5B10BAD1E994}.Debug|Any CPU.Build.0 = Debug|Any CPU
		{6E393786-A9DE-4CE5-A5AE-5B10BAD1E994}.Release|Any CPU.ActiveCfg = Release|Any CPU
		{6E393786-A9DE-4CE5-A5AE-5B10BAD1E994}.Release|Any CPU.Build.0 = Release|Any CPU
	EndGlobalSection
	GlobalSection(SolutionProperties) = preSolution
		HideSolutionNode = FALSE
	EndGlobalSection
	GlobalSection(ExtensibilityGlobals) = postSolution
		SolutionGuid = {37E465C6-8CD9-4490-B3E7-8BC966CE5C6C}
	EndGlobalSection
EndGlobal
