
Microsoft Visual Studio Solution File, Format Version 12.00
# Visual Studio 15
VisualStudioVersion = 15.0.26430.12
MinimumVisualStudioVersion = 10.0.40219.1
Project("{FAE04EC0-301F-11D3-BF4B-00C04F79EFBC}") = "AoCHelpers", "AoCHelpers\AoCHelpers.csproj", "{40BDECE3-E7E7-49B9-BFCD-AA8C49FB2B69}"
EndProject
Project("{FAE04EC0-301F-11D3-BF4B-00C04F79EFBC}") = "Day06", "Day06\Day06.csproj", "{6E393786-A9DE-4CE5-A5AE-5B10BAD1E994}"
EndProject
Project("{FAE04EC0-301F-11D3-BF4B-00C04F79EFBC}") = "Day07", "Day07\Day07.csproj", "{0207B3EA-9563-490F-AFB5-9E85DF8B185B}"
EndProject
Project("{FAE04EC0-301F-11D3-BF4B-00C04F79EFBC}") = "Day08", "Day08\Day08.csproj", "{AC0EDD7A-6205-4240-96EC-6ADD144EC7D0}"
EndProject
Project("{FAE04EC0-301F-11D3-BF4B-00C04F79EFBC}") = "Days", "Days\Days.csproj", "{754DDBF4-4401-4132-B8E8-85D85CA1FED2}"
EndProject
Project("{FAE04EC0-301F-11D3-BF4B-00C04F79EFBC}") = "SolverUI", "SolverUI\SolverUI.csproj", "{EB37B90E-2B20-4A03-A1FB-CCE45613BFFC}"
EndProject
Global
	GlobalSection(SolutionConfigurationPlatforms) = preSolution
		Debug|Any CPU = Debug|Any CPU
		Release|Any CPU = Release|Any CPU
	EndGlobalSection
	GlobalSection(ProjectConfigurationPlatforms) = postSolution
		{40BDECE3-E7E7-49B9-BFCD-AA8C49FB2B69}.Debug|Any CPU.ActiveCfg = Debug|Any CPU
		{40BDECE3-E7E7-49B9-BFCD-AA8C49FB2B69}.Debug|Any CPU.Build.0 = Debug|Any CPU
		{40BDECE3-E7E7-49B9-BFCD-AA8C49FB2B69}.Release|Any CPU.ActiveCfg = Release|Any CPU
		{40BDECE3-E7E7-49B9-BFCD-AA8C49FB2B69}.Release|Any CPU.Build.0 = Release|Any CPU
		{6E393786-A9DE-4CE5-A5AE-5B10BAD1E994}.Debug|Any CPU.ActiveCfg = Debug|Any CPU
		{6E393786-A9DE-4CE5-A5AE-5B10BAD1E994}.Debug|Any CPU.Build.0 = Debug|Any CPU
		{6E393786-A9DE-4CE5-A5AE-5B10BAD1E994}.Release|Any CPU.ActiveCfg = Release|Any CPU
		{6E393786-A9DE-4CE5-A5AE-5B10BAD1E994}.Release|Any CPU.Build.0 = Release|Any CPU
		{0207B3EA-9563-490F-AFB5-9E85DF8B185B}.Debug|Any CPU.ActiveCfg = Debug|Any CPU
		{0207B3EA-9563-490F-AFB5-9E85DF8B185B}.Debug|Any CPU.Build.0 = Debug|Any CPU
		{0207B3EA-9563-490F-AFB5-9E85DF8B185B}.Release|Any CPU.ActiveCfg = Release|Any CPU
		{0207B3EA-9563-490F-AFB5-9E85DF8B185B}.Release|Any CPU.Build.0 = Release|Any CPU
		{AC0EDD7A-6205-4240-96EC-6ADD144EC7D0}.Debug|Any CPU.ActiveCfg = Debug|Any CPU
		{AC0EDD7A-6205-4240-96EC-6ADD144EC7D0}.Debug|Any CPU.Build.0 = Debug|Any CPU
		{AC0EDD7A-6205-4240-96EC-6ADD144EC7D0}.Release|Any CPU.ActiveCfg = Release|Any CPU
		{AC0EDD7A-6205-4240-96EC-6ADD144EC7D0}.Release|Any CPU.Build.0 = Release|Any CPU
		{754DDBF4-4401-4132-B8E8-85D85CA1FED2}.Debug|Any CPU.ActiveCfg = Debug|Any CPU
		{754DDBF4-4401-4132-B8E8-85D85CA1FED2}.Debug|Any CPU.Build.0 = Debug|Any CPU
		{754DDBF4-4401-4132-B8E8-85D85CA1FED2}.Release|Any CPU.ActiveCfg = Release|Any CPU
		{754DDBF4-4401-4132-B8E8-85D85CA1FED2}.Release|Any CPU.Build.0 = Release|Any CPU
		{EB37B90E-2B20-4A03-A1FB-CCE45613BFFC}.Debug|Any CPU.ActiveCfg = Debug|Any CPU
		{EB37B90E-2B20-4A03-A1FB-CCE45613BFFC}.Debug|Any CPU.Build.0 = Debug|Any CPU
		{EB37B90E-2B20-4A03-A1FB-CCE45613BFFC}.Release|Any CPU.ActiveCfg = Release|Any CPU
		{EB37B90E-2B20-4A03-A1FB-CCE45613BFFC}.Release|Any CPU.Build.0 = Release|Any CPU
	EndGlobalSection
	GlobalSection(SolutionProperties) = preSolution
		HideSolutionNode = FALSE
	EndGlobalSection
	GlobalSection(ExtensibilityGlobals) = postSolution
		SolutionGuid = {37E465C6-8CD9-4490-B3E7-8BC966CE5C6C}
	EndGlobalSection
EndGlobal
